
Microsoft Visual Studio Solution File, Format Version 12.00
# Visual Studio Version 16
VisualStudioVersion = 16.0.31321.278
MinimumVisualStudioVersion = 10.0.40219.1
Project("{FAE04EC0-301F-11D3-BF4B-00C04F79EFBC}") = "SqlServerSample", "SqlServerSample\SqlServerSample.csproj", "{ABAD225F-4847-4AD6-B984-B9D3F2DFCCDA}"
EndProject
Global
	GlobalSection(SolutionConfigurationPlatforms) = preSolution
		Debug|Any CPU = Debug|Any CPU
		Release|Any CPU = Release|Any CPU
	EndGlobalSection
	GlobalSection(ProjectConfigurationPlatforms) = postSolution
		{ABAD225F-4847-4AD6-B984-B9D3F2DFCCDA}.Debug|Any CPU.ActiveCfg = Debug|Any CPU
		{ABAD225F-4847-4AD6-B984-B9D3F2DFCCDA}.Debug|Any CPU.Build.0 = Debug|Any CPU
		{ABAD225F-4847-4AD6-B984-B9D3F2DFCCDA}.Release|Any CPU.ActiveCfg = Release|Any CPU
		{ABAD225F-4847-4AD6-B984-B9D3F2DFCCDA}.Release|Any CPU.Build.0 = Release|Any CPU
	EndGlobalSection
	GlobalSection(SolutionProperties) = preSolution
		HideSolutionNode = FALSE
	EndGlobalSection
	GlobalSection(ExtensibilityGlobals) = postSolution
		SolutionGuid = {1B42C1DD-D6FB-4EBB-B91E-08A57FFAC0D6}
	EndGlobalSection
EndGlobal
